
Microsoft Visual Studio Solution File, Format Version 12.00
# Visual Studio Version 16
VisualStudioVersion = 16.0.31702.278
MinimumVisualStudioVersion = 10.0.40219.1
Project("{FAE04EC0-301F-11D3-BF4B-00C04F79EFBC}") = "Semenar9_CSharp_Start", "Semenar9_CSharp_Start.csproj", "{1266ADDE-934D-4361-8406-D77822E3D1F0}"
EndProject
Global
	GlobalSection(SolutionConfigurationPlatforms) = preSolution
		Debug|Any CPU = Debug|Any CPU
		Release|Any CPU = Release|Any CPU
	EndGlobalSection
	GlobalSection(ProjectConfigurationPlatforms) = postSolution
		{1266ADDE-934D-4361-8406-D77822E3D1F0}.Debug|Any CPU.ActiveCfg = Debug|Any CPU
		{1266ADDE-934D-4361-8406-D77822E3D1F0}.Debug|Any CPU.Build.0 = Debug|Any CPU
		{1266ADDE-934D-4361-8406-D77822E3D1F0}.Release|Any CPU.ActiveCfg = Release|Any CPU
		{1266ADDE-934D-4361-8406-D77822E3D1F0}.Release|Any CPU.Build.0 = Release|Any CPU
	EndGlobalSection
	GlobalSection(SolutionProperties) = preSolution
		HideSolutionNode = FALSE
	EndGlobalSection
	GlobalSection(ExtensibilityGlobals) = postSolution
		SolutionGuid = {8059797A-98D5-4461-9E99-922F10B46166}
	EndGlobalSection
EndGlobal
